<?xml version="1.0" encoding="utf-8"?>
<Project ToolsVersion="4.0" xmlns="http://schemas.microsoft.com/developer/msbuild/2003">
  <ItemGroup>
    <Filter Include="Platform">
      <UniqueIdentifier>{2AC788B4-1694-E3BF-3FAD-D1672BD9184E}</UniqueIdentifier>
    </Filter>
    <Filter Include="Platform\Windows">
      <UniqueIdentifier>{64FBD71A-50F4-F66C-7926-DCF1657ED678}</UniqueIdentifier>
    </Filter>
    <Filter Include="QuantumEngine">
      <UniqueIdentifier>{A62EEC5F-12EF-6796-DB29-B11347A9AC72}</UniqueIdentifier>
    </Filter>
    <Filter Include="QuantumEngine\Events">
      <UniqueIdentifier>{CA23D290-B6B2-5B5A-5FD1-6F554B3F6C00}</UniqueIdentifier>
    </Filter>
  </ItemGroup>
  <ItemGroup>
    <ClInclude Include="src\Platform\Windows\WindowsWindow.h">
      <Filter>Platform\Windows</Filter>
    </ClInclude>
    <ClInclude Include="src\Quantum.h" />
    <ClInclude Include="src\QuantumEngine\Application.h">
      <Filter>QuantumEngine</Filter>
    </ClInclude>
    <ClInclude Include="src\QuantumEngine\Core.h">
      <Filter>QuantumEngine</Filter>
    </ClInclude>
    <ClInclude Include="src\QuantumEngine\EntryPoint.h">
      <Filter>QuantumEngine</Filter>
    </ClInclude>
    <ClInclude Include="src\QuantumEngine\Events\AppEvent.h">
      <Filter>QuantumEngine\Events</Filter>
    </ClInclude>
    <ClInclude Include="src\QuantumEngine\Events\Event.h">
      <Filter>QuantumEngine\Events</Filter>
    </ClInclude>
    <ClInclude Include="src\QuantumEngine\Events\KeyEvent.h">
      <Filter>QuantumEngine\Events</Filter>
    </ClInclude>
    <ClInclude Include="src\QuantumEngine\Events\MouseEvent.h">
      <Filter>QuantumEngine\Events</Filter>
    </ClInclude>
    <ClInclude Include="src\QuantumEngine\Layer.h">
      <Filter>QuantumEngine</Filter>
    </ClInclude>
    <ClInclude Include="src\QuantumEngine\LayerStack.h">
      <Filter>QuantumEngine</Filter>
    </ClInclude>
    <ClInclude Include="src\QuantumEngine\Log.h">
      <Filter>QuantumEngine</Filter>
    </ClInclude>
    <ClInclude Include="src\QuantumEngine\Window.h">
      <Filter>QuantumEngine</Filter>
    </ClInclude>
    <ClInclude Include="src\qtpch.h" />
    <ClInclude Include="src\QuantumEngine\ImGui\ImGuiLayer.h" />
    <ClInclude Include="src\Platform\OpenGL\ImGuiOpenGLRenderer.h" />
  </ItemGroup>
  <ItemGroup>
    <ClCompile Include="src\Platform\Windows\WindowsWindow.cpp">
      <Filter>Platform\Windows</Filter>
    </ClCompile>
    <ClCompile Include="src\QuantumEngine\Application.cpp">
      <Filter>QuantumEngine</Filter>
    </ClCompile>
    <ClCompile Include="src\QuantumEngine\Layer.cpp">
      <Filter>QuantumEngine</Filter>
    </ClCompile>
    <ClCompile Include="src\QuantumEngine\LayerStack.cpp">
      <Filter>QuantumEngine</Filter>
    </ClCompile>
    <ClCompile Include="src\QuantumEngine\Log.cpp">
      <Filter>QuantumEngine</Filter>
    </ClCompile>
    <ClCompile Include="src\qtpch.cpp" />
    <ClCompile Include="src\QuantumEngine\ImGui\ImGuiLayer.cpp" />
    <ClCompile Include="src\Platform\OpenGL\ImGuiOpenGLRenderer.cpp" />
  </ItemGroup>
</Project>