<?xml version="1.0" encoding="utf-8"?>
<Project ToolsVersion="4.0" xmlns="http://schemas.microsoft.com/developer/msbuild/2003">
  <ItemGroup>
    <Filter Include="QuantumEngine">
      <UniqueIdentifier>{A62EEC5F-12EF-6796-DB29-B11347A9AC72}</UniqueIdentifier>
    </Filter>
    <Filter Include="QuantumEngine\Events">
      <UniqueIdentifier>{CA23D290-B6B2-5B5A-5FD1-6F554B3F6C00}</UniqueIdentifier>
    </Filter>
  </ItemGroup>
  <ItemGroup>
    <ClInclude Include="src\Quantum.h" />
    <ClInclude Include="src\QuantumEngine\Application.h">
      <Filter>QuantumEngine</Filter>
    </ClInclude>
    <ClInclude Include="src\QuantumEngine\Core.h">
      <Filter>QuantumEngine</Filter>
    </ClInclude>
    <ClInclude Include="src\QuantumEngine\EntryPoint.h">
      <Filter>QuantumEngine</Filter>
    </ClInclude>
    <ClInclude Include="src\QuantumEngine\Events\AppEvent.h">
      <Filter>QuantumEngine\Events</Filter>
    </ClInclude>
    <ClInclude Include="src\QuantumEngine\Events\Event.h">
      <Filter>QuantumEngine\Events</Filter>
    </ClInclude>
    <ClInclude Include="src\QuantumEngine\Events\KeyEvent.h">
      <Filter>QuantumEngine\Events</Filter>
    </ClInclude>
    <ClInclude Include="src\QuantumEngine\Events\MouseEvent.h">
      <Filter>QuantumEngine\Events</Filter>
    </ClInclude>
    <ClInclude Include="src\QuantumEngine\Log.h">
      <Filter>QuantumEngine</Filter>
    </ClInclude>
    <ClInclude Include="src\qtpch.h" />
  </ItemGroup>
  <ItemGroup>
    <ClCompile Include="src\QuantumEngine\Application.cpp">
      <Filter>QuantumEngine</Filter>
    </ClCompile>
    <ClCompile Include="src\QuantumEngine\Log.cpp">
      <Filter>QuantumEngine</Filter>
    </ClCompile>
    <ClCompile Include="src\qtpch.cpp" />
  </ItemGroup>
</Project>